
Microsoft Visual Studio Solution File, Format Version 12.00
# Visual Studio Version 17
VisualStudioVersion = 17.0.31903.59
MinimumVisualStudioVersion = 10.0.40219.1
Project("{2150E333-8FDC-42A3-9474-1A3956D46DE8}") = "WebAPI", "WebAPI", "{CC2072C0-D48D-44DF-8A4F-A15D333BA2C1}"
EndProject
Project("{FAE04EC0-301F-11D3-BF4B-00C04F79EFBC}") = "Miro.API", "WebAPI\Miro.API\Miro.API.csproj", "{C0B80A24-F3C3-4F61-9422-3C94594FCA05}"
EndProject
Project("{FAE04EC0-301F-11D3-BF4B-00C04F79EFBC}") = "Miro.Application", "WebAPI\Miro.Application\Miro.Application.csproj", "{7DF991B3-28FB-4784-AF7E-AB81E342F738}"
EndProject
Project("{FAE04EC0-301F-11D3-BF4B-00C04F79EFBC}") = "Miro.Domain", "WebAPI\Miro.Domain\Miro.Domain.csproj", "{EB88CEC3-DA19-44DC-93AD-222656E2C71A}"
EndProject
Project("{FAE04EC0-301F-11D3-BF4B-00C04F79EFBC}") = "Miro.Infrastructure", "WebAPI\Miro.Infrastructure\Miro.Infrastructure.csproj", "{E69EA84E-2C2B-4FAB-9DF3-81A58CE5D569}"
EndProject
Project("{FAE04EC0-301F-11D3-BF4B-00C04F79EFBC}") = "Miro.API.Tests", "WebAPI\Miro.API.Tests\Miro.API.Tests.csproj", "{9257987D-901E-4BB7-B699-273D0335198A}"
EndProject
Global
	GlobalSection(SolutionConfigurationPlatforms) = preSolution
		Debug|Any CPU = Debug|Any CPU
		Release|Any CPU = Release|Any CPU
	EndGlobalSection
	GlobalSection(SolutionProperties) = preSolution
		HideSolutionNode = FALSE
	EndGlobalSection
	GlobalSection(ProjectConfigurationPlatforms) = postSolution
		{C0B80A24-F3C3-4F61-9422-3C94594FCA05}.Debug|Any CPU.ActiveCfg = Debug|Any CPU
		{C0B80A24-F3C3-4F61-9422-3C94594FCA05}.Debug|Any CPU.Build.0 = Debug|Any CPU
		{C0B80A24-F3C3-4F61-9422-3C94594FCA05}.Release|Any CPU.ActiveCfg = Release|Any CPU
		{C0B80A24-F3C3-4F61-9422-3C94594FCA05}.Release|Any CPU.Build.0 = Release|Any CPU
		{7DF991B3-28FB-4784-AF7E-AB81E342F738}.Debug|Any CPU.ActiveCfg = Debug|Any CPU
		{7DF991B3-28FB-4784-AF7E-AB81E342F738}.Debug|Any CPU.Build.0 = Debug|Any CPU
		{7DF991B3-28FB-4784-AF7E-AB81E342F738}.Release|Any CPU.ActiveCfg = Release|Any CPU
		{7DF991B3-28FB-4784-AF7E-AB81E342F738}.Release|Any CPU.Build.0 = Release|Any CPU
		{EB88CEC3-DA19-44DC-93AD-222656E2C71A}.Debug|Any CPU.ActiveCfg = Debug|Any CPU
		{EB88CEC3-DA19-44DC-93AD-222656E2C71A}.Debug|Any CPU.Build.0 = Debug|Any CPU
		{EB88CEC3-DA19-44DC-93AD-222656E2C71A}.Release|Any CPU.ActiveCfg = Release|Any CPU
		{EB88CEC3-DA19-44DC-93AD-222656E2C71A}.Release|Any CPU.Build.0 = Release|Any CPU
		{E69EA84E-2C2B-4FAB-9DF3-81A58CE5D569}.Debug|Any CPU.ActiveCfg = Debug|Any CPU
		{E69EA84E-2C2B-4FAB-9DF3-81A58CE5D569}.Debug|Any CPU.Build.0 = Debug|Any CPU
		{E69EA84E-2C2B-4FAB-9DF3-81A58CE5D569}.Release|Any CPU.ActiveCfg = Release|Any CPU
		{E69EA84E-2C2B-4FAB-9DF3-81A58CE5D569}.Release|Any CPU.Build.0 = Release|Any CPU
		{9257987D-901E-4BB7-B699-273D0335198A}.Debug|Any CPU.ActiveCfg = Debug|Any CPU
		{9257987D-901E-4BB7-B699-273D0335198A}.Debug|Any CPU.Build.0 = Debug|Any CPU
		{9257987D-901E-4BB7-B699-273D0335198A}.Release|Any CPU.ActiveCfg = Release|Any CPU
		{9257987D-901E-4BB7-B699-273D0335198A}.Release|Any CPU.Build.0 = Release|Any CPU
	EndGlobalSection
	GlobalSection(NestedProjects) = preSolution
		{C0B80A24-F3C3-4F61-9422-3C94594FCA05} = {CC2072C0-D48D-44DF-8A4F-A15D333BA2C1}
		{7DF991B3-28FB-4784-AF7E-AB81E342F738} = {CC2072C0-D48D-44DF-8A4F-A15D333BA2C1}
		{EB88CEC3-DA19-44DC-93AD-222656E2C71A} = {CC2072C0-D48D-44DF-8A4F-A15D333BA2C1}
		{E69EA84E-2C2B-4FAB-9DF3-81A58CE5D569} = {CC2072C0-D48D-44DF-8A4F-A15D333BA2C1}
		{9257987D-901E-4BB7-B699-273D0335198A} = {CC2072C0-D48D-44DF-8A4F-A15D333BA2C1}
	EndGlobalSection
EndGlobal
